
Microsoft Visual Studio Solution File, Format Version 12.00
# Visual Studio 2015
Project("{FAE04EC0-301F-11D3-BF4B-00C04F79EFBC}") = "Sample.CSharp", "Sample.CSharp.csproj", "{8AB95039-5396-08E0-7876-C33AD674B3CB}"
EndProject
Project("{FAE04EC0-301F-11D3-BF4B-00C04F79EFBC}") = "Sample.CSharp.Editor", "Sample.CSharp.Editor.csproj", "{8D41663F-1EC5-C0B2-49B2-C6178E1D8FA4}"
EndProject
Global
	GlobalSection(SolutionConfigurationPlatforms) = preSolution
		Debug|Any CPU = Debug|Any CPU
		Release|Any CPU = Release|Any CPU
	EndGlobalSection
	GlobalSection(ProjectConfigurationPlatforms) = postSolution
		{8AB95039-5396-08E0-7876-C33AD674B3CB}.Debug|Any CPU.ActiveCfg = Debug|Any CPU
		{8AB95039-5396-08E0-7876-C33AD674B3CB}.Debug|Any CPU.Build.0 = Debug|Any CPU
		{8AB95039-5396-08E0-7876-C33AD674B3CB}.Release|Any CPU.ActiveCfg = Release|Any CPU
		{8AB95039-5396-08E0-7876-C33AD674B3CB}.Release|Any CPU.Build.0 = Release|Any CPU
		{8D41663F-1EC5-C0B2-49B2-C6178E1D8FA4}.Debug|Any CPU.ActiveCfg = Debug|Any CPU
		{8D41663F-1EC5-C0B2-49B2-C6178E1D8FA4}.Debug|Any CPU.Build.0 = Debug|Any CPU
		{8D41663F-1EC5-C0B2-49B2-C6178E1D8FA4}.Release|Any CPU.ActiveCfg = Release|Any CPU
		{8D41663F-1EC5-C0B2-49B2-C6178E1D8FA4}.Release|Any CPU.Build.0 = Release|Any CPU
	EndGlobalSection
	GlobalSection(SolutionProperties) = preSolution
		HideSolutionNode = FALSE
	EndGlobalSection
EndGlobal
